{
  "originHash" : "45e0d35d109fa4e62419ba2abd593ab808cb1962a922e12940ec75d67064da61",
  "pins" : [
    {
      "identity" : "abseil-cpp-binary",
      "kind" : "remoteSourceControl",
      "location" : "https://github.com/google/abseil-cpp-binary.git",
      "state" : {
        "revision" : "194a6706acbd25e4ef639bcaddea16e8758a3e27",
        "version" : "1.2024011602.0"
      }
    },
    {
      "identity" : "amplify-ios",
      "kind" : "remoteSourceControl",
      "location" : "https://github.com/aws-amplify/amplify-ios",
      "state" : {
        "revision" : "c13d7b723b236a68d32d04718011ad1f4c6f2f49",
        "version" : "2.39.0"
      }
    },
    {
      "identity" : "amplify-swift-utils-notifications",
      "kind" : "remoteSourceControl",
      "location" : "https://github.com/aws-amplify/amplify-swift-utils-notifications.git",
      "state" : {
        "revision" : "959eec669ba97c7d923b963c3e66ca8a0b2737f6",
        "version" : "1.1.1"
      }
    },
    {
      "identity" : "app-check",
      "kind" : "remoteSourceControl",
      "location" : "https://github.com/google/app-check.git",
      "state" : {
        "revision" : "21fe1af9be463a359aaf8d96789ef73fc3760d09",
        "version" : "11.0.1"
      }
    },
    {
      "identity" : "aws-crt-swift",
      "kind" : "remoteSourceControl",
      "location" : "https://github.com/awslabs/aws-crt-swift",
      "state" : {
        "revision" : "0d0a0cf2e2cb780ceeceac190b4ede94f4f96902",
        "version" : "0.26.0"
      }
    },
    {
      "identity" : "aws-sdk-swift",
      "kind" : "remoteSourceControl",
      "location" : "https://github.com/awslabs/aws-sdk-swift.git",
      "state" : {
        "revision" : "47922c05dd66be717c7bce424651a534456717b7",
        "version" : "0.36.2"
      }
    },
    {
      "identity" : "dotlottie-ios",
      "kind" : "remoteSourceControl",
      "location" : "https://github.com/LottieFiles/dotlottie-ios.git",
      "state" : {
        "branch" : "main",
        "revision" : "1da0e9511ab3502d46fc3ffaf1dd0a326fa14d76"
      }
    },
    {
      "identity" : "firebase-ios-sdk",
      "kind" : "remoteSourceControl",
      "location" : "https://github.com/firebase/firebase-ios-sdk",
      "state" : {
        "revision" : "9118aca998dbe2ceac45d64b21a91c6376928df7",
        "version" : "11.1.0"
      }
    },
    {
      "identity" : "googleappmeasurement",
      "kind" : "remoteSourceControl",
      "location" : "https://github.com/google/GoogleAppMeasurement.git",
      "state" : {
        "revision" : "07a2f57d147d2bf368a0d2dcb5579ff082d9e44f",
        "version" : "11.1.0"
      }
    },
    {
      "identity" : "googledatatransport",
      "kind" : "remoteSourceControl",
      "location" : "https://github.com/google/GoogleDataTransport.git",
      "state" : {
        "revision" : "617af071af9aa1d6a091d59a202910ac482128f9",
        "version" : "10.1.0"
      }
    },
    {
      "identity" : "googleutilities",
      "kind" : "remoteSourceControl",
      "location" : "https://github.com/google/GoogleUtilities.git",
      "state" : {
        "revision" : "53156c7ec267db846e6b64c9f4c4e31ba4cf75eb",
        "version" : "8.0.2"
      }
    },
    {
      "identity" : "grpc-binary",
      "kind" : "remoteSourceControl",
      "location" : "https://github.com/google/grpc-binary.git",
      "state" : {
        "revision" : "f56d8fc3162de9a498377c7b6cea43431f4f5083",
        "version" : "1.65.1"
      }
    },
    {
      "identity" : "gtm-session-fetcher",
      "kind" : "remoteSourceControl",
      "location" : "https://github.com/google/gtm-session-fetcher.git",
      "state" : {
        "revision" : "a2ab612cb980066ee56d90d60d8462992c07f24b",
        "version" : "3.5.0"
      }
    },
    {
      "identity" : "interop-ios-for-google-sdks",
      "kind" : "remoteSourceControl",
      "location" : "https://github.com/google/interop-ios-for-google-sdks.git",
      "state" : {
        "revision" : "2d12673670417654f08f5f90fdd62926dc3a2648",
        "version" : "100.0.0"
      }
    },
    {
      "identity" : "leveldb",
      "kind" : "remoteSourceControl",
      "location" : "https://github.com/firebase/leveldb.git",
      "state" : {
        "revision" : "a0bc79961d7be727d258d33d5a6b2f1023270ba1",
        "version" : "1.22.5"
      }
    },
    {
      "identity" : "nanopb",
      "kind" : "remoteSourceControl",
      "location" : "https://github.com/firebase/nanopb.git",
      "state" : {
        "revision" : "b7e1104502eca3a213b46303391ca4d3bc8ddec1",
        "version" : "2.30910.0"
      }
    },
    {
      "identity" : "promises",
      "kind" : "remoteSourceControl",
      "location" : "https://github.com/google/promises.git",
      "state" : {
        "revision" : "540318ecedd63d883069ae7f1ed811a2df00b6ac",
        "version" : "2.4.0"
      }
    },
    {
      "identity" : "smithy-swift",
      "kind" : "remoteSourceControl",
      "location" : "https://github.com/smithy-lang/smithy-swift",
      "state" : {
        "revision" : "8a5b0105c1b8a1d26a9435fb0af3959a7f5de578",
        "version" : "0.41.1"
      }
    },
    {
      "identity" : "sqlite.swift",
      "kind" : "remoteSourceControl",
      "location" : "https://github.com/stephencelis/SQLite.swift.git",
      "state" : {
        "revision" : "a95fc6df17d108bd99210db5e8a9bac90fe984b8",
        "version" : "0.15.3"
      }
    },
    {
      "identity" : "swift-log",
      "kind" : "remoteSourceControl",
      "location" : "https://github.com/apple/swift-log.git",
      "state" : {
        "revision" : "9cb486020ebf03bfa5b5df985387a14a98744537",
        "version" : "1.6.1"
      }
    },
    {
      "identity" : "swift-protobuf",
      "kind" : "remoteSourceControl",
      "location" : "https://github.com/apple/swift-protobuf.git",
      "state" : {
        "revision" : "564597ad2fe2513a94dd8f3ba27ea2ff4be3cb37",
        "version" : "1.28.0"
      }
    }
  ],
  "version" : 3
}
