// !$*UTF8*$!
{
	archiveVersion = 1;
	classes = {
	};
	objectVersion = 56;
	objects = {

/* Begin PBXBuildFile section */
		AB5613A62C7C15F5002B6B4B /* AppDelegate.swift in Sources */ = {isa = PBXBuildFile; fileRef = AB5613A52C7C15F5002B6B4B /* AppDelegate.swift */; };
		AB5613A82C7C15F5002B6B4B /* SceneDelegate.swift in Sources */ = {isa = PBXBuildFile; fileRef = AB5613A72C7C15F5002B6B4B /* SceneDelegate.swift */; };
		AB5613AF2C7C15F6002B6B4B /* Assets.xcassets in Resources */ = {isa = PBXBuildFile; fileRef = AB5613AE2C7C15F6002B6B4B /* Assets.xcassets */; };
		AB5613B22C7C15F6002B6B4B /* Base in Resources */ = {isa = PBXBuildFile; fileRef = AB5613B12C7C15F6002B6B4B /* Base */; };
		AB5613BC2C7C16CF002B6B4B /* Help.md in Resources */ = {isa = PBXBuildFile; fileRef = AB5613BB2C7C16CF002B6B4B /* Help.md */; };
		AB5613BE2C7C1724002B6B4B /* README.md in Resources */ = {isa = PBXBuildFile; fileRef = AB5613BD2C7C1724002B6B4B /* README.md */; };
		AB6D62F92C844C2E00D22A6F /* SColor.swift in Sources */ = {isa = PBXBuildFile; fileRef = AB6D62F82C844C2E00D22A6F /* SColor.swift */; };
		AB6D62FB2C844CB400D22A6F /* Images.xcassets in Resources */ = {isa = PBXBuildFile; fileRef = AB6D62FA2C844CB400D22A6F /* Images.xcassets */; };
		AB6D62FD2C845E6C00D22A6F /* SImage.swift in Sources */ = {isa = PBXBuildFile; fileRef = AB6D62FC2C845E6C00D22A6F /* SImage.swift */; };
		ABA325912C8827890034855A /* HomeCouponButtonCollectionViewCell.swift in Sources */ = {isa = PBXBuildFile; fileRef = ABA325902C8827890034855A /* HomeCouponButtonCollectionViewCell.swift */; };
		ABA46C5E2C86D464004061C8 /* HomeResponse.swift in Sources */ = {isa = PBXBuildFile; fileRef = ABA46C5D2C86D464004061C8 /* HomeResponse.swift */; };
		ABA46C622C86FA6C004061C8 /* Kingfisher in Frameworks */ = {isa = PBXBuildFile; productRef = ABA46C612C86FA6C004061C8 /* Kingfisher */; };
		ABA46C642C87057C004061C8 /* HomeViewModel.swift in Sources */ = {isa = PBXBuildFile; fileRef = ABA46C632C87057C004061C8 /* HomeViewModel.swift */; };
		ABA7E4502C87EB500018F263 /* Numeric+Extensions.swift in Sources */ = {isa = PBXBuildFile; fileRef = ABA7E44F2C87EB500018F263 /* Numeric+Extensions.swift */; };
		ABAD8F0F2C7C4EA400BE993A /* .gitignore in Resources */ = {isa = PBXBuildFile; fileRef = ABAD8F0E2C7C4EA400BE993A /* .gitignore */; };
		ABAD8F112C7C58D100BE993A /* Splash.storyboard in Resources */ = {isa = PBXBuildFile; fileRef = ABAD8F102C7C58D100BE993A /* Splash.storyboard */; };
		ABAD8F132C7C594C00BE993A /* SplashViewController.swift in Sources */ = {isa = PBXBuildFile; fileRef = ABAD8F122C7C594C00BE993A /* SplashViewController.swift */; };
		ABAD8F152C7C697200BE993A /* Colors.xcassets in Resources */ = {isa = PBXBuildFile; fileRef = ABAD8F142C7C697200BE993A /* Colors.xcassets */; };
		ABB02CC12C85520C00E4890D /* Home.storyboard in Resources */ = {isa = PBXBuildFile; fileRef = ABB02CC02C85520C00E4890D /* Home.storyboard */; };
		ABB02CC32C85529F00E4890D /* HomeViewController.swift in Sources */ = {isa = PBXBuildFile; fileRef = ABB02CC22C85529F00E4890D /* HomeViewController.swift */; };
		ABB02CC92C85904D00E4890D /* HomeBannerCollectionViewCell.swift in Sources */ = {isa = PBXBuildFile; fileRef = ABB02CC82C85904D00E4890D /* HomeBannerCollectionViewCell.swift */; };
		ABB02CCB2C85B1C400E4890D /* HomeProductCollectionViewCell.swift in Sources */ = {isa = PBXBuildFile; fileRef = ABB02CCA2C85B1C400E4890D /* HomeProductCollectionViewCell.swift */; };
		ABB80CE02C8975A90046543C /* HomeSeparateLineCollectionViewCell.swift in Sources */ = {isa = PBXBuildFile; fileRef = ABB80CDF2C8975A90046543C /* HomeSeparateLineCollectionViewCell.swift */; };
		ABB80CE22C89993B0046543C /* HomeThemeCollectionViewCell.swift in Sources */ = {isa = PBXBuildFile; fileRef = ABB80CE12C89993B0046543C /* HomeThemeCollectionViewCell.swift */; };
		ABB80CE42C89B5610046543C /* HomeThemeHeaderCollectionReusableView.swift in Sources */ = {isa = PBXBuildFile; fileRef = ABB80CE32C89B5610046543C /* HomeThemeHeaderCollectionReusableView.swift */; };
		ABC7744D2C869A710060C693 /* NetworkService.swift in Sources */ = {isa = PBXBuildFile; fileRef = ABC7744C2C869A710060C693 /* NetworkService.swift */; };
		ABC890422C805A7C008A90BE /* GoogleService-Info.plist in Resources */ = {isa = PBXBuildFile; fileRef = ABC890412C805A7C008A90BE /* GoogleService-Info.plist */; };
		ABCADCEA2C7DB21500B0318F /* SFont.swift in Sources */ = {isa = PBXBuildFile; fileRef = ABCADCE92C7DB21500B0318F /* SFont.swift */; };
/* End PBXBuildFile section */

/* Begin PBXFileReference section */
		AB5613A22C7C15F5002B6B4B /* Store-ios.app */ = {isa = PBXFileReference; explicitFileType = wrapper.application; includeInIndex = 0; path = "Store-ios.app"; sourceTree = BUILT_PRODUCTS_DIR; };
		AB5613A52C7C15F5002B6B4B /* AppDelegate.swift */ = {isa = PBXFileReference; lastKnownFileType = sourcecode.swift; path = AppDelegate.swift; sourceTree = "<group>"; };
		AB5613A72C7C15F5002B6B4B /* SceneDelegate.swift */ = {isa = PBXFileReference; lastKnownFileType = sourcecode.swift; path = SceneDelegate.swift; sourceTree = "<group>"; };
		AB5613AE2C7C15F6002B6B4B /* Assets.xcassets */ = {isa = PBXFileReference; lastKnownFileType = folder.assetcatalog; path = Assets.xcassets; sourceTree = "<group>"; };
		AB5613B12C7C15F6002B6B4B /* Base */ = {isa = PBXFileReference; lastKnownFileType = file.storyboard; name = Base; path = Base.lproj/LaunchScreen.storyboard; sourceTree = "<group>"; };
		AB5613B32C7C15F6002B6B4B /* Info.plist */ = {isa = PBXFileReference; lastKnownFileType = text.plist.xml; path = Info.plist; sourceTree = "<group>"; };
		AB5613BB2C7C16CF002B6B4B /* Help.md */ = {isa = PBXFileReference; fileEncoding = 4; lastKnownFileType = net.daringfireball.markdown; path = Help.md; sourceTree = "<group>"; };
		AB5613BD2C7C1724002B6B4B /* README.md */ = {isa = PBXFileReference; lastKnownFileType = net.daringfireball.markdown; path = README.md; sourceTree = "<group>"; };
		AB6D62F82C844C2E00D22A6F /* SColor.swift */ = {isa = PBXFileReference; lastKnownFileType = sourcecode.swift; path = SColor.swift; sourceTree = "<group>"; };
		AB6D62FA2C844CB400D22A6F /* Images.xcassets */ = {isa = PBXFileReference; lastKnownFileType = folder.assetcatalog; path = Images.xcassets; sourceTree = "<group>"; };
		AB6D62FC2C845E6C00D22A6F /* SImage.swift */ = {isa = PBXFileReference; lastKnownFileType = sourcecode.swift; path = SImage.swift; sourceTree = "<group>"; };
		ABA325902C8827890034855A /* HomeCouponButtonCollectionViewCell.swift */ = {isa = PBXFileReference; lastKnownFileType = sourcecode.swift; path = HomeCouponButtonCollectionViewCell.swift; sourceTree = "<group>"; };
		ABA46C5D2C86D464004061C8 /* HomeResponse.swift */ = {isa = PBXFileReference; lastKnownFileType = sourcecode.swift; path = HomeResponse.swift; sourceTree = "<group>"; };
		ABA46C632C87057C004061C8 /* HomeViewModel.swift */ = {isa = PBXFileReference; lastKnownFileType = sourcecode.swift; path = HomeViewModel.swift; sourceTree = "<group>"; };
		ABA7E44F2C87EB500018F263 /* Numeric+Extensions.swift */ = {isa = PBXFileReference; lastKnownFileType = sourcecode.swift; path = "Numeric+Extensions.swift"; sourceTree = "<group>"; };
		ABAD8F0E2C7C4EA400BE993A /* .gitignore */ = {isa = PBXFileReference; lastKnownFileType = text; path = .gitignore; sourceTree = "<group>"; };
		ABAD8F102C7C58D100BE993A /* Splash.storyboard */ = {isa = PBXFileReference; lastKnownFileType = file.storyboard; path = Splash.storyboard; sourceTree = "<group>"; };
		ABAD8F122C7C594C00BE993A /* SplashViewController.swift */ = {isa = PBXFileReference; lastKnownFileType = sourcecode.swift; path = SplashViewController.swift; sourceTree = "<group>"; };
		ABAD8F142C7C697200BE993A /* Colors.xcassets */ = {isa = PBXFileReference; lastKnownFileType = folder.assetcatalog; path = Colors.xcassets; sourceTree = "<group>"; };
		ABB02CC02C85520C00E4890D /* Home.storyboard */ = {isa = PBXFileReference; lastKnownFileType = file.storyboard; path = Home.storyboard; sourceTree = "<group>"; };
		ABB02CC22C85529F00E4890D /* HomeViewController.swift */ = {isa = PBXFileReference; lastKnownFileType = sourcecode.swift; path = HomeViewController.swift; sourceTree = "<group>"; };
		ABB02CC82C85904D00E4890D /* HomeBannerCollectionViewCell.swift */ = {isa = PBXFileReference; lastKnownFileType = sourcecode.swift; path = HomeBannerCollectionViewCell.swift; sourceTree = "<group>"; };
		ABB02CCA2C85B1C400E4890D /* HomeProductCollectionViewCell.swift */ = {isa = PBXFileReference; lastKnownFileType = sourcecode.swift; path = HomeProductCollectionViewCell.swift; sourceTree = "<group>"; };
		ABB80CDF2C8975A90046543C /* HomeSeparateLineCollectionViewCell.swift */ = {isa = PBXFileReference; lastKnownFileType = sourcecode.swift; path = HomeSeparateLineCollectionViewCell.swift; sourceTree = "<group>"; };
		ABB80CE12C89993B0046543C /* HomeThemeCollectionViewCell.swift */ = {isa = PBXFileReference; lastKnownFileType = sourcecode.swift; path = HomeThemeCollectionViewCell.swift; sourceTree = "<group>"; };
		ABB80CE32C89B5610046543C /* HomeThemeHeaderCollectionReusableView.swift */ = {isa = PBXFileReference; lastKnownFileType = sourcecode.swift; path = HomeThemeHeaderCollectionReusableView.swift; sourceTree = "<group>"; };
		ABC7744C2C869A710060C693 /* NetworkService.swift */ = {isa = PBXFileReference; lastKnownFileType = sourcecode.swift; path = NetworkService.swift; sourceTree = "<group>"; };
		ABC890412C805A7C008A90BE /* GoogleService-Info.plist */ = {isa = PBXFileReference; fileEncoding = 4; lastKnownFileType = text.plist.xml; path = "GoogleService-Info.plist"; sourceTree = "<group>"; };
		ABCADCE92C7DB21500B0318F /* SFont.swift */ = {isa = PBXFileReference; lastKnownFileType = sourcecode.swift; path = SFont.swift; sourceTree = "<group>"; };
/* End PBXFileReference section */

/* Begin PBXFrameworksBuildPhase section */
		AB56139F2C7C15F5002B6B4B /* Frameworks */ = {
			isa = PBXFrameworksBuildPhase;
			buildActionMask = 2147483647;
			files = (
				ABA46C622C86FA6C004061C8 /* Kingfisher in Frameworks */,
			);
			runOnlyForDeploymentPostprocessing = 0;
		};
/* End PBXFrameworksBuildPhase section */

/* Begin PBXGroup section */
		AB5613992C7C15F5002B6B4B = {
			isa = PBXGroup;
			children = (
				ABAD8F0E2C7C4EA400BE993A /* .gitignore */,
				AB5613BD2C7C1724002B6B4B /* README.md */,
				AB5613BB2C7C16CF002B6B4B /* Help.md */,
				AB5613A42C7C15F5002B6B4B /* Store-ios */,
				AB5613A32C7C15F5002B6B4B /* Products */,
			);
			sourceTree = "<group>";
		};
		AB5613A32C7C15F5002B6B4B /* Products */ = {
			isa = PBXGroup;
			children = (
				AB5613A22C7C15F5002B6B4B /* Store-ios.app */,
			);
			name = Products;
			sourceTree = "<group>";
		};
		AB5613A42C7C15F5002B6B4B /* Store-ios */ = {
			isa = PBXGroup;
			children = (
				ABA7E44E2C87EA840018F263 /* Extension */,
				ABB02CC72C85792800E4890D /* Delegate */,
				ABCADCE62C7DAB0D00B0318F /* DesignSource */,
				ABC7744B2C869A3C0060C693 /* Network */,
				ABA46C5C2C86D36A004061C8 /* Model */,
				ABB02CC42C8573D600E4890D /* Feature */,
				AB5613B32C7C15F6002B6B4B /* Info.plist */,
				ABC890412C805A7C008A90BE /* GoogleService-Info.plist */,
			);
			path = "Store-ios";
			sourceTree = "<group>";
		};
		ABA46C5C2C86D36A004061C8 /* Model */ = {
			isa = PBXGroup;
			children = (
				ABA46C5D2C86D464004061C8 /* HomeResponse.swift */,
			);
			path = Model;
			sourceTree = "<group>";
		};
		ABA7E44E2C87EA840018F263 /* Extension */ = {
			isa = PBXGroup;
			children = (
				ABA7E44F2C87EB500018F263 /* Numeric+Extensions.swift */,
			);
			path = Extension;
			sourceTree = "<group>";
		};
		ABB02CC42C8573D600E4890D /* Feature */ = {
			isa = PBXGroup;
			children = (
				ABB02CC52C8573E100E4890D /* Splash */,
				ABB02CC62C8573EC00E4890D /* Home */,
			);
			path = Feature;
			sourceTree = "<group>";
		};
		ABB02CC52C8573E100E4890D /* Splash */ = {
			isa = PBXGroup;
			children = (
				AB5613B02C7C15F6002B6B4B /* LaunchScreen.storyboard */,
				ABAD8F102C7C58D100BE993A /* Splash.storyboard */,
				ABAD8F122C7C594C00BE993A /* SplashViewController.swift */,
			);
			path = Splash;
			sourceTree = "<group>";
		};
		ABB02CC62C8573EC00E4890D /* Home */ = {
			isa = PBXGroup;
			children = (
				ABC7744A2C8682B90060C693 /* View */,
				ABB02CC02C85520C00E4890D /* Home.storyboard */,
				ABB02CC22C85529F00E4890D /* HomeViewController.swift */,
				ABA46C632C87057C004061C8 /* HomeViewModel.swift */,
			);
			path = Home;
			sourceTree = "<group>";
		};
		ABB02CC72C85792800E4890D /* Delegate */ = {
			isa = PBXGroup;
			children = (
				AB5613A52C7C15F5002B6B4B /* AppDelegate.swift */,
				AB5613A72C7C15F5002B6B4B /* SceneDelegate.swift */,
			);
			path = Delegate;
			sourceTree = "<group>";
		};
		ABC7744A2C8682B90060C693 /* View */ = {
			isa = PBXGroup;
			children = (
				ABB02CC82C85904D00E4890D /* HomeBannerCollectionViewCell.swift */,
				ABB02CCA2C85B1C400E4890D /* HomeProductCollectionViewCell.swift */,
				ABA325902C8827890034855A /* HomeCouponButtonCollectionViewCell.swift */,
				ABB80CDF2C8975A90046543C /* HomeSeparateLineCollectionViewCell.swift */,
				ABB80CE12C89993B0046543C /* HomeThemeCollectionViewCell.swift */,
				ABB80CE32C89B5610046543C /* HomeThemeHeaderCollectionReusableView.swift */,
			);
			path = View;
			sourceTree = "<group>";
		};
		ABC7744B2C869A3C0060C693 /* Network */ = {
			isa = PBXGroup;
			children = (
				ABC7744C2C869A710060C693 /* NetworkService.swift */,
			);
			path = Network;
			sourceTree = "<group>";
		};
		ABCADCE62C7DAB0D00B0318F /* DesignSource */ = {
			isa = PBXGroup;
			children = (
				AB5613AE2C7C15F6002B6B4B /* Assets.xcassets */,
				ABAD8F142C7C697200BE993A /* Colors.xcassets */,
				AB6D62FA2C844CB400D22A6F /* Images.xcassets */,
				ABCADCE92C7DB21500B0318F /* SFont.swift */,
				AB6D62F82C844C2E00D22A6F /* SColor.swift */,
				AB6D62FC2C845E6C00D22A6F /* SImage.swift */,
			);
			path = DesignSource;
			sourceTree = "<group>";
		};
/* End PBXGroup section */

/* Begin PBXNativeTarget section */
		AB5613A12C7C15F5002B6B4B /* Store-ios */ = {
			isa = PBXNativeTarget;
			buildConfigurationList = AB5613B62C7C15F6002B6B4B /* Build configuration list for PBXNativeTarget "Store-ios" */;
			buildPhases = (
				AB56139E2C7C15F5002B6B4B /* Sources */,
				AB56139F2C7C15F5002B6B4B /* Frameworks */,
				AB5613A02C7C15F5002B6B4B /* Resources */,
			);
			buildRules = (
			);
			dependencies = (
			);
			name = "Store-ios";
			packageProductDependencies = (
				ABA46C612C86FA6C004061C8 /* Kingfisher */,
			);
			productName = "store-ios";
			productReference = AB5613A22C7C15F5002B6B4B /* Store-ios.app */;
			productType = "com.apple.product-type.application";
		};
/* End PBXNativeTarget section */

/* Begin PBXProject section */
		AB56139A2C7C15F5002B6B4B /* Project object */ = {
			isa = PBXProject;
			attributes = {
				BuildIndependentTargetsInParallel = 1;
				LastSwiftUpdateCheck = 1540;
				LastUpgradeCheck = 1540;
				TargetAttributes = {
					AB5613A12C7C15F5002B6B4B = {
						CreatedOnToolsVersion = 15.4;
					};
				};
			};
			buildConfigurationList = AB56139D2C7C15F5002B6B4B /* Build configuration list for PBXProject "Store-ios" */;
			compatibilityVersion = "Xcode 14.0";
			developmentRegion = en;
			hasScannedForEncodings = 0;
			knownRegions = (
				en,
				Base,
			);
			mainGroup = AB5613992C7C15F5002B6B4B;
			packageReferences = (
				ABA46C602C86FA6C004061C8 /* XCRemoteSwiftPackageReference "Kingfisher" */,
			);
			productRefGroup = AB5613A32C7C15F5002B6B4B /* Products */;
			projectDirPath = "";
			projectRoot = "";
			targets = (
				AB5613A12C7C15F5002B6B4B /* Store-ios */,
			);
		};
/* End PBXProject section */

/* Begin PBXResourcesBuildPhase section */
		AB5613A02C7C15F5002B6B4B /* Resources */ = {
			isa = PBXResourcesBuildPhase;
			buildActionMask = 2147483647;
			files = (
				AB5613AF2C7C15F6002B6B4B /* Assets.xcassets in Resources */,
				ABB02CC12C85520C00E4890D /* Home.storyboard in Resources */,
				AB6D62FB2C844CB400D22A6F /* Images.xcassets in Resources */,
				AB5613B22C7C15F6002B6B4B /* Base in Resources */,
				ABC890422C805A7C008A90BE /* GoogleService-Info.plist in Resources */,
				AB5613BE2C7C1724002B6B4B /* README.md in Resources */,
				ABAD8F0F2C7C4EA400BE993A /* .gitignore in Resources */,
				ABAD8F152C7C697200BE993A /* Colors.xcassets in Resources */,
				AB5613BC2C7C16CF002B6B4B /* Help.md in Resources */,
				ABAD8F112C7C58D100BE993A /* Splash.storyboard in Resources */,
			);
			runOnlyForDeploymentPostprocessing = 0;
		};
/* End PBXResourcesBuildPhase section */

/* Begin PBXSourcesBuildPhase section */
		AB56139E2C7C15F5002B6B4B /* Sources */ = {
			isa = PBXSourcesBuildPhase;
			buildActionMask = 2147483647;
			files = (
				ABC7744D2C869A710060C693 /* NetworkService.swift in Sources */,
				ABA7E4502C87EB500018F263 /* Numeric+Extensions.swift in Sources */,
				ABCADCEA2C7DB21500B0318F /* SFont.swift in Sources */,
				ABB02CCB2C85B1C400E4890D /* HomeProductCollectionViewCell.swift in Sources */,
				AB5613A62C7C15F5002B6B4B /* AppDelegate.swift in Sources */,
				ABB80CE42C89B5610046543C /* HomeThemeHeaderCollectionReusableView.swift in Sources */,
				ABA325912C8827890034855A /* HomeCouponButtonCollectionViewCell.swift in Sources */,
				ABB02CC32C85529F00E4890D /* HomeViewController.swift in Sources */,
				AB6D62F92C844C2E00D22A6F /* SColor.swift in Sources */,
				AB5613A82C7C15F5002B6B4B /* SceneDelegate.swift in Sources */,
				ABA46C642C87057C004061C8 /* HomeViewModel.swift in Sources */,
				ABAD8F132C7C594C00BE993A /* SplashViewController.swift in Sources */,
				AB6D62FD2C845E6C00D22A6F /* SImage.swift in Sources */,
				ABB02CC92C85904D00E4890D /* HomeBannerCollectionViewCell.swift in Sources */,
				ABB80CE22C89993B0046543C /* HomeThemeCollectionViewCell.swift in Sources */,
				ABB80CE02C8975A90046543C /* HomeSeparateLineCollectionViewCell.swift in Sources */,
				ABA46C5E2C86D464004061C8 /* HomeResponse.swift in Sources */,
			);
			runOnlyForDeploymentPostprocessing = 0;
		};
/* End PBXSourcesBuildPhase section */

/* Begin PBXVariantGroup section */
		AB5613B02C7C15F6002B6B4B /* LaunchScreen.storyboard */ = {
			isa = PBXVariantGroup;
			children = (
				AB5613B12C7C15F6002B6B4B /* Base */,
			);
			name = LaunchScreen.storyboard;
			sourceTree = "<group>";
		};
/* End PBXVariantGroup section */

/* Begin XCBuildConfiguration section */
		AB5613B42C7C15F6002B6B4B /* Debug */ = {
			isa = XCBuildConfiguration;
			buildSettings = {
				ALWAYS_SEARCH_USER_PATHS = NO;
				ASSETCATALOG_COMPILER_GENERATE_SWIFT_ASSET_SYMBOL_EXTENSIONS = YES;
				CLANG_ANALYZER_NONNULL = YES;
				CLANG_ANALYZER_NUMBER_OBJECT_CONVERSION = YES_AGGRESSIVE;
				CLANG_CXX_LANGUAGE_STANDARD = "gnu++20";
				CLANG_ENABLE_MODULES = YES;
				CLANG_ENABLE_OBJC_ARC = YES;
				CLANG_ENABLE_OBJC_WEAK = YES;
				CLANG_WARN_BLOCK_CAPTURE_AUTORELEASING = YES;
				CLANG_WARN_BOOL_CONVERSION = YES;
				CLANG_WARN_COMMA = YES;
				CLANG_WARN_CONSTANT_CONVERSION = YES;
				CLANG_WARN_DEPRECATED_OBJC_IMPLEMENTATIONS = YES;
				CLANG_WARN_DIRECT_OBJC_ISA_USAGE = YES_ERROR;
				CLANG_WARN_DOCUMENTATION_COMMENTS = YES;
				CLANG_WARN_EMPTY_BODY = YES;
				CLANG_WARN_ENUM_CONVERSION = YES;
				CLANG_WARN_INFINITE_RECURSION = YES;
				CLANG_WARN_INT_CONVERSION = YES;
				CLANG_WARN_NON_LITERAL_NULL_CONVERSION = YES;
				CLANG_WARN_OBJC_IMPLICIT_RETAIN_SELF = YES;
				CLANG_WARN_OBJC_LITERAL_CONVERSION = YES;
				CLANG_WARN_OBJC_ROOT_CLASS = YES_ERROR;
				CLANG_WARN_QUOTED_INCLUDE_IN_FRAMEWORK_HEADER = YES;
				CLANG_WARN_RANGE_LOOP_ANALYSIS = YES;
				CLANG_WARN_STRICT_PROTOTYPES = YES;
				CLANG_WARN_SUSPICIOUS_MOVE = YES;
				CLANG_WARN_UNGUARDED_AVAILABILITY = YES_AGGRESSIVE;
				CLANG_WARN_UNREACHABLE_CODE = YES;
				CLANG_WARN__DUPLICATE_METHOD_MATCH = YES;
				COPY_PHASE_STRIP = NO;
				DEBUG_INFORMATION_FORMAT = dwarf;
				ENABLE_STRICT_OBJC_MSGSEND = YES;
				ENABLE_TESTABILITY = YES;
				ENABLE_USER_SCRIPT_SANDBOXING = YES;
				GCC_C_LANGUAGE_STANDARD = gnu17;
				GCC_DYNAMIC_NO_PIC = NO;
				GCC_NO_COMMON_BLOCKS = YES;
				GCC_OPTIMIZATION_LEVEL = 0;
				GCC_PREPROCESSOR_DEFINITIONS = (
					"DEBUG=1",
					"$(inherited)",
				);
				GCC_WARN_64_TO_32_BIT_CONVERSION = YES;
				GCC_WARN_ABOUT_RETURN_TYPE = YES_ERROR;
				GCC_WARN_UNDECLARED_SELECTOR = YES;
				GCC_WARN_UNINITIALIZED_AUTOS = YES_AGGRESSIVE;
				GCC_WARN_UNUSED_FUNCTION = YES;
				GCC_WARN_UNUSED_VARIABLE = YES;
				IPHONEOS_DEPLOYMENT_TARGET = 17.5;
				LOCALIZATION_PREFERS_STRING_CATALOGS = YES;
				MTL_ENABLE_DEBUG_INFO = INCLUDE_SOURCE;
				MTL_FAST_MATH = YES;
				ONLY_ACTIVE_ARCH = YES;
				SDKROOT = iphoneos;
				SWIFT_ACTIVE_COMPILATION_CONDITIONS = "DEBUG $(inherited)";
				SWIFT_OPTIMIZATION_LEVEL = "-Onone";
			};
			name = Debug;
		};
		AB5613B52C7C15F6002B6B4B /* Release */ = {
			isa = XCBuildConfiguration;
			buildSettings = {
				ALWAYS_SEARCH_USER_PATHS = NO;
				ASSETCATALOG_COMPILER_GENERATE_SWIFT_ASSET_SYMBOL_EXTENSIONS = YES;
				CLANG_ANALYZER_NONNULL = YES;
				CLANG_ANALYZER_NUMBER_OBJECT_CONVERSION = YES_AGGRESSIVE;
				CLANG_CXX_LANGUAGE_STANDARD = "gnu++20";
				CLANG_ENABLE_MODULES = YES;
				CLANG_ENABLE_OBJC_ARC = YES;
				CLANG_ENABLE_OBJC_WEAK = YES;
				CLANG_WARN_BLOCK_CAPTURE_AUTORELEASING = YES;
				CLANG_WARN_BOOL_CONVERSION = YES;
				CLANG_WARN_COMMA = YES;
				CLANG_WARN_CONSTANT_CONVERSION = YES;
				CLANG_WARN_DEPRECATED_OBJC_IMPLEMENTATIONS = YES;
				CLANG_WARN_DIRECT_OBJC_ISA_USAGE = YES_ERROR;
				CLANG_WARN_DOCUMENTATION_COMMENTS = YES;
				CLANG_WARN_EMPTY_BODY = YES;
				CLANG_WARN_ENUM_CONVERSION = YES;
				CLANG_WARN_INFINITE_RECURSION = YES;
				CLANG_WARN_INT_CONVERSION = YES;
				CLANG_WARN_NON_LITERAL_NULL_CONVERSION = YES;
				CLANG_WARN_OBJC_IMPLICIT_RETAIN_SELF = YES;
				CLANG_WARN_OBJC_LITERAL_CONVERSION = YES;
				CLANG_WARN_OBJC_ROOT_CLASS = YES_ERROR;
				CLANG_WARN_QUOTED_INCLUDE_IN_FRAMEWORK_HEADER = YES;
				CLANG_WARN_RANGE_LOOP_ANALYSIS = YES;
				CLANG_WARN_STRICT_PROTOTYPES = YES;
				CLANG_WARN_SUSPICIOUS_MOVE = YES;
				CLANG_WARN_UNGUARDED_AVAILABILITY = YES_AGGRESSIVE;
				CLANG_WARN_UNREACHABLE_CODE = YES;
				CLANG_WARN__DUPLICATE_METHOD_MATCH = YES;
				COPY_PHASE_STRIP = NO;
				DEBUG_INFORMATION_FORMAT = "dwarf-with-dsym";
				ENABLE_NS_ASSERTIONS = NO;
				ENABLE_STRICT_OBJC_MSGSEND = YES;
				ENABLE_USER_SCRIPT_SANDBOXING = YES;
				GCC_C_LANGUAGE_STANDARD = gnu17;
				GCC_NO_COMMON_BLOCKS = YES;
				GCC_WARN_64_TO_32_BIT_CONVERSION = YES;
				GCC_WARN_ABOUT_RETURN_TYPE = YES_ERROR;
				GCC_WARN_UNDECLARED_SELECTOR = YES;
				GCC_WARN_UNINITIALIZED_AUTOS = YES_AGGRESSIVE;
				GCC_WARN_UNUSED_FUNCTION = YES;
				GCC_WARN_UNUSED_VARIABLE = YES;
				IPHONEOS_DEPLOYMENT_TARGET = 17.5;
				LOCALIZATION_PREFERS_STRING_CATALOGS = YES;
				MTL_ENABLE_DEBUG_INFO = NO;
				MTL_FAST_MATH = YES;
				SDKROOT = iphoneos;
				SWIFT_COMPILATION_MODE = wholemodule;
				VALIDATE_PRODUCT = YES;
			};
			name = Release;
		};
		AB5613B72C7C15F6002B6B4B /* Debug */ = {
			isa = XCBuildConfiguration;
			buildSettings = {
				ASSETCATALOG_COMPILER_APPICON_NAME = AppIcon;
				ASSETCATALOG_COMPILER_GLOBAL_ACCENT_COLOR_NAME = AccentColor;
				CODE_SIGN_STYLE = Automatic;
				CURRENT_PROJECT_VERSION = 1;
				DEVELOPMENT_TEAM = 996GCU782A;
				GENERATE_INFOPLIST_FILE = YES;
				INFOPLIST_FILE = "store-ios/Info.plist";
				INFOPLIST_KEY_UIApplicationSupportsIndirectInputEvents = YES;
				INFOPLIST_KEY_UILaunchStoryboardName = LaunchScreen;
				INFOPLIST_KEY_UIMainStoryboardFile = Splash;
				INFOPLIST_KEY_UISupportedInterfaceOrientations_iPad = "UIInterfaceOrientationPortrait UIInterfaceOrientationPortraitUpsideDown UIInterfaceOrientationLandscapeLeft UIInterfaceOrientationLandscapeRight";
				INFOPLIST_KEY_UISupportedInterfaceOrientations_iPhone = "UIInterfaceOrientationPortrait UIInterfaceOrientationLandscapeLeft UIInterfaceOrientationLandscapeRight";
				IPHONEOS_DEPLOYMENT_TARGET = 17.0;
				LD_RUNPATH_SEARCH_PATHS = (
					"$(inherited)",
					"@executable_path/Frameworks",
				);
				MARKETING_VERSION = 1.0;
				PRODUCT_BUNDLE_IDENTIFIER = "com.ld5ehom.store-ios";
				PRODUCT_NAME = "$(TARGET_NAME)";
				SWIFT_EMIT_LOC_STRINGS = YES;
				SWIFT_VERSION = 5.0;
				TARGETED_DEVICE_FAMILY = "1,2";
			};
			name = Debug;
		};
		AB5613B82C7C15F6002B6B4B /* Release */ = {
			isa = XCBuildConfiguration;
			buildSettings = {
				ASSETCATALOG_COMPILER_APPICON_NAME = AppIcon;
				ASSETCATALOG_COMPILER_GLOBAL_ACCENT_COLOR_NAME = AccentColor;
				CODE_SIGN_STYLE = Automatic;
				CURRENT_PROJECT_VERSION = 1;
				DEVELOPMENT_TEAM = 996GCU782A;
				GENERATE_INFOPLIST_FILE = YES;
				INFOPLIST_FILE = "store-ios/Info.plist";
				INFOPLIST_KEY_UIApplicationSupportsIndirectInputEvents = YES;
				INFOPLIST_KEY_UILaunchStoryboardName = LaunchScreen;
				INFOPLIST_KEY_UIMainStoryboardFile = Splash;
				INFOPLIST_KEY_UISupportedInterfaceOrientations_iPad = "UIInterfaceOrientationPortrait UIInterfaceOrientationPortraitUpsideDown UIInterfaceOrientationLandscapeLeft UIInterfaceOrientationLandscapeRight";
				INFOPLIST_KEY_UISupportedInterfaceOrientations_iPhone = "UIInterfaceOrientationPortrait UIInterfaceOrientationLandscapeLeft UIInterfaceOrientationLandscapeRight";
				IPHONEOS_DEPLOYMENT_TARGET = 17.0;
				LD_RUNPATH_SEARCH_PATHS = (
					"$(inherited)",
					"@executable_path/Frameworks",
				);
				MARKETING_VERSION = 1.0;
				PRODUCT_BUNDLE_IDENTIFIER = "com.ld5ehom.store-ios";
				PRODUCT_NAME = "$(TARGET_NAME)";
				SWIFT_EMIT_LOC_STRINGS = YES;
				SWIFT_VERSION = 5.0;
				TARGETED_DEVICE_FAMILY = "1,2";
			};
			name = Release;
		};
/* End XCBuildConfiguration section */

/* Begin XCConfigurationList section */
		AB56139D2C7C15F5002B6B4B /* Build configuration list for PBXProject "Store-ios" */ = {
			isa = XCConfigurationList;
			buildConfigurations = (
				AB5613B42C7C15F6002B6B4B /* Debug */,
				AB5613B52C7C15F6002B6B4B /* Release */,
			);
			defaultConfigurationIsVisible = 0;
			defaultConfigurationName = Release;
		};
		AB5613B62C7C15F6002B6B4B /* Build configuration list for PBXNativeTarget "Store-ios" */ = {
			isa = XCConfigurationList;
			buildConfigurations = (
				AB5613B72C7C15F6002B6B4B /* Debug */,
				AB5613B82C7C15F6002B6B4B /* Release */,
			);
			defaultConfigurationIsVisible = 0;
			defaultConfigurationName = Release;
		};
/* End XCConfigurationList section */

/* Begin XCRemoteSwiftPackageReference section */
		ABA46C602C86FA6C004061C8 /* XCRemoteSwiftPackageReference "Kingfisher" */ = {
			isa = XCRemoteSwiftPackageReference;
			repositoryURL = "https://github.com/onevcat/Kingfisher.git";
			requirement = {
				kind = upToNextMajorVersion;
				minimumVersion = 7.12.0;
			};
		};
/* End XCRemoteSwiftPackageReference section */

/* Begin XCSwiftPackageProductDependency section */
		ABA46C612C86FA6C004061C8 /* Kingfisher */ = {
			isa = XCSwiftPackageProductDependency;
			package = ABA46C602C86FA6C004061C8 /* XCRemoteSwiftPackageReference "Kingfisher" */;
			productName = Kingfisher;
		};
/* End XCSwiftPackageProductDependency section */
	};
	rootObject = AB56139A2C7C15F5002B6B4B /* Project object */;
}
